
Microsoft Visual Studio Solution File, Format Version 12.00
# Visual Studio Version 17
VisualStudioVersion = 17.3.32611.2
MinimumVisualStudioVersion = 10.0.40219.1
Project("{9A19103F-16F7-4668-BE54-9A1E7A4F7556}") = "Fitexerciselogin_api", "1 - api\Fitexerciselogin_api.csproj", "{55D4F37C-6774-442E-B5EC-1C35B8270034}"
EndProject
Project("{9A19103F-16F7-4668-BE54-9A1E7A4F7556}") = "Models", "3 - models\Models.csproj", "{54AB3188-E108-40C3-A9F3-FCBE4ACCFD8D}"
EndProject
Project("{9A19103F-16F7-4668-BE54-9A1E7A4F7556}") = "Infrastructure", "4 - infrastructure\Infrastructure.csproj", "{E72C012F-D135-4757-BF11-CD9BE3F028D6}"
EndProject
Project("{9A19103F-16F7-4668-BE54-9A1E7A4F7556}") = "Application", "2 - application\Application.csproj", "{D32A28E9-C413-4DB8-B59D-5DEC49D25541}"
EndProject
Global
	GlobalSection(SolutionConfigurationPlatforms) = preSolution
		Debug|Any CPU = Debug|Any CPU
		Release|Any CPU = Release|Any CPU
	EndGlobalSection
	GlobalSection(ProjectConfigurationPlatforms) = postSolution
		{55D4F37C-6774-442E-B5EC-1C35B8270034}.Debug|Any CPU.ActiveCfg = Debug|Any CPU
		{55D4F37C-6774-442E-B5EC-1C35B8270034}.Debug|Any CPU.Build.0 = Debug|Any CPU
		{55D4F37C-6774-442E-B5EC-1C35B8270034}.Release|Any CPU.ActiveCfg = Release|Any CPU
		{55D4F37C-6774-442E-B5EC-1C35B8270034}.Release|Any CPU.Build.0 = Release|Any CPU
		{54AB3188-E108-40C3-A9F3-FCBE4ACCFD8D}.Debug|Any CPU.ActiveCfg = Debug|Any CPU
		{54AB3188-E108-40C3-A9F3-FCBE4ACCFD8D}.Debug|Any CPU.Build.0 = Debug|Any CPU
		{54AB3188-E108-40C3-A9F3-FCBE4ACCFD8D}.Release|Any CPU.ActiveCfg = Release|Any CPU
		{54AB3188-E108-40C3-A9F3-FCBE4ACCFD8D}.Release|Any CPU.Build.0 = Release|Any CPU
		{E72C012F-D135-4757-BF11-CD9BE3F028D6}.Debug|Any CPU.ActiveCfg = Debug|Any CPU
		{E72C012F-D135-4757-BF11-CD9BE3F028D6}.Debug|Any CPU.Build.0 = Debug|Any CPU
		{E72C012F-D135-4757-BF11-CD9BE3F028D6}.Release|Any CPU.ActiveCfg = Release|Any CPU
		{E72C012F-D135-4757-BF11-CD9BE3F028D6}.Release|Any CPU.Build.0 = Release|Any CPU
		{D32A28E9-C413-4DB8-B59D-5DEC49D25541}.Debug|Any CPU.ActiveCfg = Debug|Any CPU
		{D32A28E9-C413-4DB8-B59D-5DEC49D25541}.Debug|Any CPU.Build.0 = Debug|Any CPU
		{D32A28E9-C413-4DB8-B59D-5DEC49D25541}.Release|Any CPU.ActiveCfg = Release|Any CPU
		{D32A28E9-C413-4DB8-B59D-5DEC49D25541}.Release|Any CPU.Build.0 = Release|Any CPU
	EndGlobalSection
	GlobalSection(SolutionProperties) = preSolution
		HideSolutionNode = FALSE
	EndGlobalSection
	GlobalSection(ExtensibilityGlobals) = postSolution
		SolutionGuid = {DF33A6A5-18B9-4B3D-8D29-76B93EFA8CE7}
	EndGlobalSection
EndGlobal
