
Microsoft Visual Studio Solution File, Format Version 12.00
# Visual Studio Version 16
VisualStudioVersion = 16.0.30114.105
MinimumVisualStudioVersion = 10.0.40219.1
Project("{FAE04EC0-301F-11D3-BF4B-00C04F79EFBC}") = "fitexercise_api", "web_api\fitexercise_api.csproj", "{55D4F37C-6774-442E-B5EC-1C35B8270034}"
EndProject
Project("{FAE04EC0-301F-11D3-BF4B-00C04F79EFBC}") = "models", "models\models.csproj", "{54AB3188-E108-40C3-A9F3-FCBE4ACCFD8D}"
EndProject
Project("{FAE04EC0-301F-11D3-BF4B-00C04F79EFBC}") = "infrastructure", "infrastructure\infrastructure.csproj", "{E72C012F-D135-4757-BF11-CD9BE3F028D6}"
EndProject
Project("{FAE04EC0-301F-11D3-BF4B-00C04F79EFBC}") = "application", "application\application.csproj", "{D32A28E9-C413-4DB8-B59D-5DEC49D25541}"
EndProject
Project("{FAE04EC0-301F-11D3-BF4B-00C04F79EFBC}") = "middleware", "middleware\middleware.csproj", "{FC2707BE-FCB2-4E19-8BD9-35E4550BA50F}"
EndProject
Global
	GlobalSection(SolutionConfigurationPlatforms) = preSolution
		Debug|Any CPU = Debug|Any CPU
		Release|Any CPU = Release|Any CPU
	EndGlobalSection
	GlobalSection(SolutionProperties) = preSolution
		HideSolutionNode = FALSE
	EndGlobalSection
	GlobalSection(ProjectConfigurationPlatforms) = postSolution
		{55D4F37C-6774-442E-B5EC-1C35B8270034}.Debug|Any CPU.ActiveCfg = Debug|Any CPU
		{55D4F37C-6774-442E-B5EC-1C35B8270034}.Debug|Any CPU.Build.0 = Debug|Any CPU
		{55D4F37C-6774-442E-B5EC-1C35B8270034}.Release|Any CPU.ActiveCfg = Release|Any CPU
		{55D4F37C-6774-442E-B5EC-1C35B8270034}.Release|Any CPU.Build.0 = Release|Any CPU
		{54AB3188-E108-40C3-A9F3-FCBE4ACCFD8D}.Debug|Any CPU.ActiveCfg = Debug|Any CPU
		{54AB3188-E108-40C3-A9F3-FCBE4ACCFD8D}.Debug|Any CPU.Build.0 = Debug|Any CPU
		{54AB3188-E108-40C3-A9F3-FCBE4ACCFD8D}.Release|Any CPU.ActiveCfg = Release|Any CPU
		{54AB3188-E108-40C3-A9F3-FCBE4ACCFD8D}.Release|Any CPU.Build.0 = Release|Any CPU
		{E72C012F-D135-4757-BF11-CD9BE3F028D6}.Debug|Any CPU.ActiveCfg = Debug|Any CPU
		{E72C012F-D135-4757-BF11-CD9BE3F028D6}.Debug|Any CPU.Build.0 = Debug|Any CPU
		{E72C012F-D135-4757-BF11-CD9BE3F028D6}.Release|Any CPU.ActiveCfg = Release|Any CPU
		{E72C012F-D135-4757-BF11-CD9BE3F028D6}.Release|Any CPU.Build.0 = Release|Any CPU
		{D32A28E9-C413-4DB8-B59D-5DEC49D25541}.Debug|Any CPU.ActiveCfg = Debug|Any CPU
		{D32A28E9-C413-4DB8-B59D-5DEC49D25541}.Debug|Any CPU.Build.0 = Debug|Any CPU
		{D32A28E9-C413-4DB8-B59D-5DEC49D25541}.Release|Any CPU.ActiveCfg = Release|Any CPU
		{D32A28E9-C413-4DB8-B59D-5DEC49D25541}.Release|Any CPU.Build.0 = Release|Any CPU
		{FC2707BE-FCB2-4E19-8BD9-35E4550BA50F}.Debug|Any CPU.ActiveCfg = Debug|Any CPU
		{FC2707BE-FCB2-4E19-8BD9-35E4550BA50F}.Debug|Any CPU.Build.0 = Debug|Any CPU
		{FC2707BE-FCB2-4E19-8BD9-35E4550BA50F}.Release|Any CPU.ActiveCfg = Release|Any CPU
		{FC2707BE-FCB2-4E19-8BD9-35E4550BA50F}.Release|Any CPU.Build.0 = Release|Any CPU
	EndGlobalSection
EndGlobal
